
Microsoft Visual Studio Solution File, Format Version 12.00
# Visual Studio Version 17
VisualStudioVersion = 17.5.33627.172
MinimumVisualStudioVersion = 10.0.40219.1
Project("{FAE04EC0-301F-11D3-BF4B-00C04F79EFBC}") = "factroial of even", "factroial of even\factroial of even.csproj", "{1462DE51-E3E2-4DBE-8B90-1C7711296755}"
EndProject
Global
	GlobalSection(SolutionConfigurationPlatforms) = preSolution
		Debug|Any CPU = Debug|Any CPU
		Release|Any CPU = Release|Any CPU
	EndGlobalSection
	GlobalSection(ProjectConfigurationPlatforms) = postSolution
		{1462DE51-E3E2-4DBE-8B90-1C7711296755}.Debug|Any CPU.ActiveCfg = Debug|Any CPU
		{1462DE51-E3E2-4DBE-8B90-1C7711296755}.Debug|Any CPU.Build.0 = Debug|Any CPU
		{1462DE51-E3E2-4DBE-8B90-1C7711296755}.Release|Any CPU.ActiveCfg = Release|Any CPU
		{1462DE51-E3E2-4DBE-8B90-1C7711296755}.Release|Any CPU.Build.0 = Release|Any CPU
	EndGlobalSection
	GlobalSection(SolutionProperties) = preSolution
		HideSolutionNode = FALSE
	EndGlobalSection
	GlobalSection(ExtensibilityGlobals) = postSolution
		SolutionGuid = {C684A42C-0ED0-41B9-BCD0-2E23983E9C4B}
	EndGlobalSection
EndGlobal
