
Microsoft Visual Studio Solution File, Format Version 12.00
# Visual Studio Version 17
VisualStudioVersion = 17.5.33627.172
MinimumVisualStudioVersion = 10.0.40219.1
Project("{FAE04EC0-301F-11D3-BF4B-00C04F79EFBC}") = "armstrong", "armstrong\armstrong.csproj", "{8A1D05FD-BD90-401B-8D49-A67CACD2AB4F}"
EndProject
Global
	GlobalSection(SolutionConfigurationPlatforms) = preSolution
		Debug|Any CPU = Debug|Any CPU
		Release|Any CPU = Release|Any CPU
	EndGlobalSection
	GlobalSection(ProjectConfigurationPlatforms) = postSolution
		{8A1D05FD-BD90-401B-8D49-A67CACD2AB4F}.Debug|Any CPU.ActiveCfg = Debug|Any CPU
		{8A1D05FD-BD90-401B-8D49-A67CACD2AB4F}.Debug|Any CPU.Build.0 = Debug|Any CPU
		{8A1D05FD-BD90-401B-8D49-A67CACD2AB4F}.Release|Any CPU.ActiveCfg = Release|Any CPU
		{8A1D05FD-BD90-401B-8D49-A67CACD2AB4F}.Release|Any CPU.Build.0 = Release|Any CPU
	EndGlobalSection
	GlobalSection(SolutionProperties) = preSolution
		HideSolutionNode = FALSE
	EndGlobalSection
	GlobalSection(ExtensibilityGlobals) = postSolution
		SolutionGuid = {D74B5A63-5C03-423D-A642-05EA862BE9CA}
	EndGlobalSection
EndGlobal
