
Microsoft Visual Studio Solution File, Format Version 12.00
# Visual Studio Version 17
VisualStudioVersion = 17.5.33627.172
MinimumVisualStudioVersion = 10.0.40219.1
Project("{FAE04EC0-301F-11D3-BF4B-00C04F79EFBC}") = "pattern4", "pattern4\pattern4.csproj", "{D9A267CA-ABD3-4CA0-8D3D-27573983051E}"
EndProject
Global
	GlobalSection(SolutionConfigurationPlatforms) = preSolution
		Debug|Any CPU = Debug|Any CPU
		Release|Any CPU = Release|Any CPU
	EndGlobalSection
	GlobalSection(ProjectConfigurationPlatforms) = postSolution
		{D9A267CA-ABD3-4CA0-8D3D-27573983051E}.Debug|Any CPU.ActiveCfg = Debug|Any CPU
		{D9A267CA-ABD3-4CA0-8D3D-27573983051E}.Debug|Any CPU.Build.0 = Debug|Any CPU
		{D9A267CA-ABD3-4CA0-8D3D-27573983051E}.Release|Any CPU.ActiveCfg = Release|Any CPU
		{D9A267CA-ABD3-4CA0-8D3D-27573983051E}.Release|Any CPU.Build.0 = Release|Any CPU
	EndGlobalSection
	GlobalSection(SolutionProperties) = preSolution
		HideSolutionNode = FALSE
	EndGlobalSection
	GlobalSection(ExtensibilityGlobals) = postSolution
		SolutionGuid = {6B44ED36-558C-4949-AB3A-316FE0979800}
	EndGlobalSection
EndGlobal
